lockfileVersion: 5.4

specifiers:
  '@types/node': ^18.11.18
  esbuild: ^0.17.3
  rjweb-server: 'link:'
  typescript: ^4.9.4

dependencies:
  rjweb-server: 'link:'

devDependencies:
  '@types/node': registry.npmjs.org/@types/node/18.11.18
  esbuild: registry.npmjs.org/esbuild/0.17.3
  typescript: registry.npmjs.org/typescript/4.9.4

packages:

  registry.npmjs.org/@esbuild/android-arm/0.17.3:
    resolution: {integrity: sha512-1Mlz934GvbgdDmt26rTLmf03cAgLg5HyOgJN+ZGCeP3Q9ynYTNMn2/LQxIl7Uy+o4K6Rfi2OuLsr12JQQR8gNg==, registry: https://registry.npmjs.cf/, tarball: https://registry.npmjs.org/@esbuild/android-arm/-/android-arm-0.17.3.tgz}
    name: '@esbuild/android-arm'
    version: 0.17.3
    engines: {node: '>=12'}
    cpu: [arm]
    os: [android]
    requiresBuild: true
    dev: true
    optional: true

  registry.npmjs.org/@esbuild/android-arm64/0.17.3:
    resolution: {integrity: sha512-XvJsYo3dO3Pi4kpalkyMvfQsjxPWHYjoX4MDiB/FUM4YMfWcXa5l4VCwFWVYI1+92yxqjuqrhNg0CZg3gSouyQ==, registry: https://registry.npmjs.cf/, tarball: https://registry.npmjs.org/@esbuild/android-arm64/-/android-arm64-0.17.3.tgz}
    name: '@esbuild/android-arm64'
    version: 0.17.3
    engines: {node: '>=12'}
    cpu: [arm64]
    os: [android]
    requiresBuild: true
    dev: true
    optional: true

  registry.npmjs.org/@esbuild/android-x64/0.17.3:
    resolution: {integrity: sha512-nuV2CmLS07Gqh5/GrZLuqkU9Bm6H6vcCspM+zjp9TdQlxJtIe+qqEXQChmfc7nWdyr/yz3h45Utk1tUn8Cz5+A==, registry: https://registry.npmjs.cf/, tarball: https://registry.npmjs.org/@esbuild/android-x64/-/android-x64-0.17.3.tgz}
    name: '@esbuild/android-x64'
    version: 0.17.3
    engines: {node: '>=12'}
    cpu: [x64]
    os: [android]
    requiresBuild: true
    dev: true
    optional: true

  registry.npmjs.org/@esbuild/darwin-arm64/0.17.3:
    resolution: {integrity: sha512-01Hxaaat6m0Xp9AXGM8mjFtqqwDjzlMP0eQq9zll9U85ttVALGCGDuEvra5Feu/NbP5AEP1MaopPwzsTcUq1cw==, registry: https://registry.npmjs.cf/, tarball: https://registry.npmjs.org/@esbuild/darwin-arm64/-/darwin-arm64-0.17.3.tgz}
    name: '@esbuild/darwin-arm64'
    version: 0.17.3
    engines: {node: '>=12'}
    cpu: [arm64]
    os: [darwin]
    requiresBuild: true
    dev: true
    optional: true

  registry.npmjs.org/@esbuild/darwin-x64/0.17.3:
    resolution: {integrity: sha512-Eo2gq0Q/er2muf8Z83X21UFoB7EU6/m3GNKvrhACJkjVThd0uA+8RfKpfNhuMCl1bKRfBzKOk6xaYKQZ4lZqvA==, registry: https://registry.npmjs.cf/, tarball: https://registry.npmjs.org/@esbuild/darwin-x64/-/darwin-x64-0.17.3.tgz}
    name: '@esbuild/darwin-x64'
    version: 0.17.3
    engines: {node: '>=12'}
    cpu: [x64]
    os: [darwin]
    requiresBuild: true
    dev: true
    optional: true

  registry.npmjs.org/@esbuild/freebsd-arm64/0.17.3:
    resolution: {integrity: sha512-CN62ESxaquP61n1ZjQP/jZte8CE09M6kNn3baos2SeUfdVBkWN5n6vGp2iKyb/bm/x4JQzEvJgRHLGd5F5b81w==, registry: https://registry.npmjs.cf/, tarball: https://registry.npmjs.org/@esbuild/freebsd-arm64/-/freebsd-arm64-0.17.3.tgz}
    name: '@esbuild/freebsd-arm64'
    version: 0.17.3
    engines: {node: '>=12'}
    cpu: [arm64]
    os: [freebsd]
    requiresBuild: true
    dev: true
    optional: true

  registry.npmjs.org/@esbuild/freebsd-x64/0.17.3:
    resolution: {integrity: sha512-feq+K8TxIznZE+zhdVurF3WNJ/Sa35dQNYbaqM/wsCbWdzXr5lyq+AaTUSER2cUR+SXPnd/EY75EPRjf4s1SLg==, registry: https://registry.npmjs.cf/, tarball: https://registry.npmjs.org/@esbuild/freebsd-x64/-/freebsd-x64-0.17.3.tgz}
    name: '@esbuild/freebsd-x64'
    version: 0.17.3
    engines: {node: '>=12'}
    cpu: [x64]
    os: [freebsd]
    requiresBuild: true
    dev: true
    optional: true

  registry.npmjs.org/@esbuild/linux-arm/0.17.3:
    resolution: {integrity: sha512-CLP3EgyNuPcg2cshbwkqYy5bbAgK+VhyfMU7oIYyn+x4Y67xb5C5ylxsNUjRmr8BX+MW3YhVNm6Lq6FKtRTWHQ==, registry: https://registry.npmjs.cf/, tarball: https://registry.npmjs.org/@esbuild/linux-arm/-/linux-arm-0.17.3.tgz}
    name: '@esbuild/linux-arm'
    version: 0.17.3
    engines: {node: '>=12'}
    cpu: [arm]
    os: [linux]
    requiresBuild: true
    dev: true
    optional: true

  registry.npmjs.org/@esbuild/linux-arm64/0.17.3:
    resolution: {integrity: sha512-JHeZXD4auLYBnrKn6JYJ0o5nWJI9PhChA/Nt0G4MvLaMrvXuWnY93R3a7PiXeJQphpL1nYsaMcoV2QtuvRnF/g==, registry: https://registry.npmjs.cf/, tarball: https://registry.npmjs.org/@esbuild/linux-arm64/-/linux-arm64-0.17.3.tgz}
    name: '@esbuild/linux-arm64'
    version: 0.17.3
    engines: {node: '>=12'}
    cpu: [arm64]
    os: [linux]
    requiresBuild: true
    dev: true
    optional: true

  registry.npmjs.org/@esbuild/linux-ia32/0.17.3:
    resolution: {integrity: sha512-FyXlD2ZjZqTFh0sOQxFDiWG1uQUEOLbEh9gKN/7pFxck5Vw0qjWSDqbn6C10GAa1rXJpwsntHcmLqydY9ST9ZA==, registry: https://registry.npmjs.cf/, tarball: https://registry.npmjs.org/@esbuild/linux-ia32/-/linux-ia32-0.17.3.tgz}
    name: '@esbuild/linux-ia32'
    version: 0.17.3
    engines: {node: '>=12'}
    cpu: [ia32]
    os: [linux]
    requiresBuild: true
    dev: true
    optional: true

  registry.npmjs.org/@esbuild/linux-loong64/0.17.3:
    resolution: {integrity: sha512-OrDGMvDBI2g7s04J8dh8/I7eSO+/E7nMDT2Z5IruBfUO/RiigF1OF6xoH33Dn4W/OwAWSUf1s2nXamb28ZklTA==, registry: https://registry.npmjs.cf/, tarball: https://registry.npmjs.org/@esbuild/linux-loong64/-/linux-loong64-0.17.3.tgz}
    name: '@esbuild/linux-loong64'
    version: 0.17.3
    engines: {node: '>=12'}
    cpu: [loong64]
    os: [linux]
    requiresBuild: true
    dev: true
    optional: true

  registry.npmjs.org/@esbuild/linux-mips64el/0.17.3:
    resolution: {integrity: sha512-DcnUpXnVCJvmv0TzuLwKBC2nsQHle8EIiAJiJ+PipEVC16wHXaPEKP0EqN8WnBe0TPvMITOUlP2aiL5YMld+CQ==, registry: https://registry.npmjs.cf/, tarball: https://registry.npmjs.org/@esbuild/linux-mips64el/-/linux-mips64el-0.17.3.tgz}
    name: '@esbuild/linux-mips64el'
    version: 0.17.3
    engines: {node: '>=12'}
    cpu: [mips64el]
    os: [linux]
    requiresBuild: true
    dev: true
    optional: true

  registry.npmjs.org/@esbuild/linux-ppc64/0.17.3:
    resolution: {integrity: sha512-BDYf/l1WVhWE+FHAW3FzZPtVlk9QsrwsxGzABmN4g8bTjmhazsId3h127pliDRRu5674k1Y2RWejbpN46N9ZhQ==, registry: https://registry.npmjs.cf/, tarball: https://registry.npmjs.org/@esbuild/linux-ppc64/-/linux-ppc64-0.17.3.tgz}
    name: '@esbuild/linux-ppc64'
    version: 0.17.3
    engines: {node: '>=12'}
    cpu: [ppc64]
    os: [linux]
    requiresBuild: true
    dev: true
    optional: true

  registry.npmjs.org/@esbuild/linux-riscv64/0.17.3:
    resolution: {integrity: sha512-WViAxWYMRIi+prTJTyV1wnqd2mS2cPqJlN85oscVhXdb/ZTFJdrpaqm/uDsZPGKHtbg5TuRX/ymKdOSk41YZow==, registry: https://registry.npmjs.cf/, tarball: https://registry.npmjs.org/@esbuild/linux-riscv64/-/linux-riscv64-0.17.3.tgz}
    name: '@esbuild/linux-riscv64'
    version: 0.17.3
    engines: {node: '>=12'}
    cpu: [riscv64]
    os: [linux]
    requiresBuild: true
    dev: true
    optional: true

  registry.npmjs.org/@esbuild/linux-s390x/0.17.3:
    resolution: {integrity: sha512-Iw8lkNHUC4oGP1O/KhumcVy77u2s6+KUjieUqzEU3XuWJqZ+AY7uVMrrCbAiwWTkpQHkr00BuXH5RpC6Sb/7Ug==, registry: https://registry.npmjs.cf/, tarball: https://registry.npmjs.org/@esbuild/linux-s390x/-/linux-s390x-0.17.3.tgz}
    name: '@esbuild/linux-s390x'
    version: 0.17.3
    engines: {node: '>=12'}
    cpu: [s390x]
    os: [linux]
    requiresBuild: true
    dev: true
    optional: true

  registry.npmjs.org/@esbuild/linux-x64/0.17.3:
    resolution: {integrity: sha512-0AGkWQMzeoeAtXQRNB3s4J1/T2XbigM2/Mn2yU1tQSmQRmHIZdkGbVq2A3aDdNslPyhb9/lH0S5GMTZ4xsjBqg==, registry: https://registry.npmjs.cf/, tarball: https://registry.npmjs.org/@esbuild/linux-x64/-/linux-x64-0.17.3.tgz}
    name: '@esbuild/linux-x64'
    version: 0.17.3
    engines: {node: '>=12'}
    cpu: [x64]
    os: [linux]
    requiresBuild: true
    dev: true
    optional: true

  registry.npmjs.org/@esbuild/netbsd-x64/0.17.3:
    resolution: {integrity: sha512-4+rR/WHOxIVh53UIQIICryjdoKdHsFZFD4zLSonJ9RRw7bhKzVyXbnRPsWSfwybYqw9sB7ots/SYyufL1mBpEg==, registry: https://registry.npmjs.cf/, tarball: https://registry.npmjs.org/@esbuild/netbsd-x64/-/netbsd-x64-0.17.3.tgz}
    name: '@esbuild/netbsd-x64'
    version: 0.17.3
    engines: {node: '>=12'}
    cpu: [x64]
    os: [netbsd]
    requiresBuild: true
    dev: true
    optional: true

  registry.npmjs.org/@esbuild/openbsd-x64/0.17.3:
    resolution: {integrity: sha512-cVpWnkx9IYg99EjGxa5Gc0XmqumtAwK3aoz7O4Dii2vko+qXbkHoujWA68cqXjhh6TsLaQelfDO4MVnyr+ODeA==, registry: https://registry.npmjs.cf/, tarball: https://registry.npmjs.org/@esbuild/openbsd-x64/-/openbsd-x64-0.17.3.tgz}
    name: '@esbuild/openbsd-x64'
    version: 0.17.3
    engines: {node: '>=12'}
    cpu: [x64]
    os: [openbsd]
    requiresBuild: true
    dev: true
    optional: true

  registry.npmjs.org/@esbuild/sunos-x64/0.17.3:
    resolution: {integrity: sha512-RxmhKLbTCDAY2xOfrww6ieIZkZF+KBqG7S2Ako2SljKXRFi+0863PspK74QQ7JpmWwncChY25JTJSbVBYGQk2Q==, registry: https://registry.npmjs.cf/, tarball: https://registry.npmjs.org/@esbuild/sunos-x64/-/sunos-x64-0.17.3.tgz}
    name: '@esbuild/sunos-x64'
    version: 0.17.3
    engines: {node: '>=12'}
    cpu: [x64]
    os: [sunos]
    requiresBuild: true
    dev: true
    optional: true

  registry.npmjs.org/@esbuild/win32-arm64/0.17.3:
    resolution: {integrity: sha512-0r36VeEJ4efwmofxVJRXDjVRP2jTmv877zc+i+Pc7MNsIr38NfsjkQj23AfF7l0WbB+RQ7VUb+LDiqC/KY/M/A==, registry: https://registry.npmjs.cf/, tarball: https://registry.npmjs.org/@esbuild/win32-arm64/-/win32-arm64-0.17.3.tgz}
    name: '@esbuild/win32-arm64'
    version: 0.17.3
    engines: {node: '>=12'}
    cpu: [arm64]
    os: [win32]
    requiresBuild: true
    dev: true
    optional: true

  registry.npmjs.org/@esbuild/win32-ia32/0.17.3:
    resolution: {integrity: sha512-wgO6rc7uGStH22nur4aLFcq7Wh86bE9cOFmfTr/yxN3BXvDEdCSXyKkO+U5JIt53eTOgC47v9k/C1bITWL/Teg==, registry: https://registry.npmjs.cf/, tarball: https://registry.npmjs.org/@esbuild/win32-ia32/-/win32-ia32-0.17.3.tgz}
    name: '@esbuild/win32-ia32'
    version: 0.17.3
    engines: {node: '>=12'}
    cpu: [ia32]
    os: [win32]
    requiresBuild: true
    dev: true
    optional: true

  registry.npmjs.org/@esbuild/win32-x64/0.17.3:
    resolution: {integrity: sha512-FdVl64OIuiKjgXBjwZaJLKp0eaEckifbhn10dXWhysMJkWblg3OEEGKSIyhiD5RSgAya8WzP3DNkngtIg3Nt7g==, registry: https://registry.npmjs.cf/, tarball: https://registry.npmjs.org/@esbuild/win32-x64/-/win32-x64-0.17.3.tgz}
    name: '@esbuild/win32-x64'
    version: 0.17.3
    engines: {node: '>=12'}
    cpu: [x64]
    os: [win32]
    requiresBuild: true
    dev: true
    optional: true

  registry.npmjs.org/@types/node/18.11.18:
    resolution: {integrity: sha512-DHQpWGjyQKSHj3ebjFI/wRKcqQcdR+MoFBygntYOZytCqNfkd2ZC4ARDJ2DQqhjH5p85Nnd3jhUJIXrszFX/JA==, registry: https://registry.npmjs.cf/, tarball: https://registry.npmjs.org/@types/node/-/node-18.11.18.tgz}
    name: '@types/node'
    version: 18.11.18
    dev: true

  registry.npmjs.org/esbuild/0.17.3:
    resolution: {integrity: sha512-9n3AsBRe6sIyOc6kmoXg2ypCLgf3eZSraWFRpnkto+svt8cZNuKTkb1bhQcitBcvIqjNiK7K0J3KPmwGSfkA8g==, registry: https://registry.npmjs.cf/, tarball: https://registry.npmjs.org/esbuild/-/esbuild-0.17.3.tgz}
    name: esbuild
    version: 0.17.3
    engines: {node: '>=12'}
    hasBin: true
    requiresBuild: true
    optionalDependencies:
      '@esbuild/android-arm': registry.npmjs.org/@esbuild/android-arm/0.17.3
      '@esbuild/android-arm64': registry.npmjs.org/@esbuild/android-arm64/0.17.3
      '@esbuild/android-x64': registry.npmjs.org/@esbuild/android-x64/0.17.3
      '@esbuild/darwin-arm64': registry.npmjs.org/@esbuild/darwin-arm64/0.17.3
      '@esbuild/darwin-x64': registry.npmjs.org/@esbuild/darwin-x64/0.17.3
      '@esbuild/freebsd-arm64': registry.npmjs.org/@esbuild/freebsd-arm64/0.17.3
      '@esbuild/freebsd-x64': registry.npmjs.org/@esbuild/freebsd-x64/0.17.3
      '@esbuild/linux-arm': registry.npmjs.org/@esbuild/linux-arm/0.17.3
      '@esbuild/linux-arm64': registry.npmjs.org/@esbuild/linux-arm64/0.17.3
      '@esbuild/linux-ia32': registry.npmjs.org/@esbuild/linux-ia32/0.17.3
      '@esbuild/linux-loong64': registry.npmjs.org/@esbuild/linux-loong64/0.17.3
      '@esbuild/linux-mips64el': registry.npmjs.org/@esbuild/linux-mips64el/0.17.3
      '@esbuild/linux-ppc64': registry.npmjs.org/@esbuild/linux-ppc64/0.17.3
      '@esbuild/linux-riscv64': registry.npmjs.org/@esbuild/linux-riscv64/0.17.3
      '@esbuild/linux-s390x': registry.npmjs.org/@esbuild/linux-s390x/0.17.3
      '@esbuild/linux-x64': registry.npmjs.org/@esbuild/linux-x64/0.17.3
      '@esbuild/netbsd-x64': registry.npmjs.org/@esbuild/netbsd-x64/0.17.3
      '@esbuild/openbsd-x64': registry.npmjs.org/@esbuild/openbsd-x64/0.17.3
      '@esbuild/sunos-x64': registry.npmjs.org/@esbuild/sunos-x64/0.17.3
      '@esbuild/win32-arm64': registry.npmjs.org/@esbuild/win32-arm64/0.17.3
      '@esbuild/win32-ia32': registry.npmjs.org/@esbuild/win32-ia32/0.17.3
      '@esbuild/win32-x64': registry.npmjs.org/@esbuild/win32-x64/0.17.3
    dev: true

  registry.npmjs.org/typescript/4.9.4:
    resolution: {integrity: sha512-Uz+dTXYzxXXbsFpM86Wh3dKCxrQqUcVMxwU54orwlJjOpO3ao8L7j5lH+dWfTwgCwIuM9GQ2kvVotzYJMXTBZg==, registry: https://registry.npmjs.cf/, tarball: https://registry.npmjs.org/typescript/-/typescript-4.9.4.tgz}
    name: typescript
    version: 4.9.4
    engines: {node: '>=4.2.0'}
    hasBin: true
    dev: true
