lockfileVersion: 5.4

specifiers:
  '@types/node': ^18.11.18
  esbuild: ^0.17.2
  typescript: ^4.9.4

devDependencies:
  '@types/node': registry.npmjs.org/@types/node/18.11.18
  esbuild: registry.npmjs.org/esbuild/0.17.2
  typescript: registry.npmjs.org/typescript/4.9.4

packages:

  registry.npmjs.org/@esbuild/android-arm/0.17.2:
    resolution: {integrity: sha512-Art7v3xYfqH1gEMUSP0Nx67pNAlC/Y3qSg3mOw8Wg7MP9bJLXL0DrmJaV1Qz1o4FwagtvDgkVOeBDpZgxdj13Q==, registry: https://registry.npmjs.cf/, tarball: https://registry.npmjs.org/@esbuild/android-arm/-/android-arm-0.17.2.tgz}
    name: '@esbuild/android-arm'
    version: 0.17.2
    engines: {node: '>=12'}
    cpu: [arm]
    os: [android]
    requiresBuild: true
    dev: true
    optional: true

  registry.npmjs.org/@esbuild/android-arm64/0.17.2:
    resolution: {integrity: sha512-QSkmYISXr2uFoR+NdmmKyR5svYb0cXDCfzwNblLsrC8wTpx/I1L7u/zrjrf4aLoHoRTycZFIewJwBiUrO5DWtQ==, registry: https://registry.npmjs.cf/, tarball: https://registry.npmjs.org/@esbuild/android-arm64/-/android-arm64-0.17.2.tgz}
    name: '@esbuild/android-arm64'
    version: 0.17.2
    engines: {node: '>=12'}
    cpu: [arm64]
    os: [android]
    requiresBuild: true
    dev: true
    optional: true

  registry.npmjs.org/@esbuild/android-x64/0.17.2:
    resolution: {integrity: sha512-5VOaFBI0RK8jJVDHdeU1YJmpxXoOf1RPoiOBhk/Tvpulw7R1SwCsxHvC3eDQcoF0gV7YM4V2wJO0PR9tem6gCQ==, registry: https://registry.npmjs.cf/, tarball: https://registry.npmjs.org/@esbuild/android-x64/-/android-x64-0.17.2.tgz}
    name: '@esbuild/android-x64'
    version: 0.17.2
    engines: {node: '>=12'}
    cpu: [x64]
    os: [android]
    requiresBuild: true
    dev: true
    optional: true

  registry.npmjs.org/@esbuild/darwin-arm64/0.17.2:
    resolution: {integrity: sha512-iQJu1Zn1Wi91D5x/sslEn/jwae1tgSAEHK0R/kYzIr5jO992IJwDDuWhSGll23jHt18RECxahhGG0BWY/bVUTw==, registry: https://registry.npmjs.cf/, tarball: https://registry.npmjs.org/@esbuild/darwin-arm64/-/darwin-arm64-0.17.2.tgz}
    name: '@esbuild/darwin-arm64'
    version: 0.17.2
    engines: {node: '>=12'}
    cpu: [arm64]
    os: [darwin]
    requiresBuild: true
    dev: true
    optional: true

  registry.npmjs.org/@esbuild/darwin-x64/0.17.2:
    resolution: {integrity: sha512-j750nyrwoRZd3VnPo5sd12/5U27TxFGmvmoDv93G2jiaGJPYKJ/+5IfRAvHahGePTUIRPyOlE5YLFw9MlzuBnw==, registry: https://registry.npmjs.cf/, tarball: https://registry.npmjs.org/@esbuild/darwin-x64/-/darwin-x64-0.17.2.tgz}
    name: '@esbuild/darwin-x64'
    version: 0.17.2
    engines: {node: '>=12'}
    cpu: [x64]
    os: [darwin]
    requiresBuild: true
    dev: true
    optional: true

  registry.npmjs.org/@esbuild/freebsd-arm64/0.17.2:
    resolution: {integrity: sha512-ti7GU+/KUQQXEPmSUep7efZpA3KR2SkKsVuSL2FE7Yxka9apuqKfymAgQmVPMxstzAgCRBIu8uEu0KFmTfs3/Q==, registry: https://registry.npmjs.cf/, tarball: https://registry.npmjs.org/@esbuild/freebsd-arm64/-/freebsd-arm64-0.17.2.tgz}
    name: '@esbuild/freebsd-arm64'
    version: 0.17.2
    engines: {node: '>=12'}
    cpu: [arm64]
    os: [freebsd]
    requiresBuild: true
    dev: true
    optional: true

  registry.npmjs.org/@esbuild/freebsd-x64/0.17.2:
    resolution: {integrity: sha512-NgooSKWSnrNKRuiumY1dg7KAGpsyXIMcwyOXN9imnqe8VFjqqrEOMqZRik0C1wlfLjiSCuMsj+YUSmBMAJMt0A==, registry: https://registry.npmjs.cf/, tarball: https://registry.npmjs.org/@esbuild/freebsd-x64/-/freebsd-x64-0.17.2.tgz}
    name: '@esbuild/freebsd-x64'
    version: 0.17.2
    engines: {node: '>=12'}
    cpu: [x64]
    os: [freebsd]
    requiresBuild: true
    dev: true
    optional: true

  registry.npmjs.org/@esbuild/linux-arm/0.17.2:
    resolution: {integrity: sha512-8dfrRTd39n+THdAetwQKNwK6zBPR5oPjMtgRNXvRq8gsn/J5o69zTaOWVi3QO09BljqdShxU2dxDA09lDhdIqQ==, registry: https://registry.npmjs.cf/, tarball: https://registry.npmjs.org/@esbuild/linux-arm/-/linux-arm-0.17.2.tgz}
    name: '@esbuild/linux-arm'
    version: 0.17.2
    engines: {node: '>=12'}
    cpu: [arm]
    os: [linux]
    requiresBuild: true
    dev: true
    optional: true

  registry.npmjs.org/@esbuild/linux-arm64/0.17.2:
    resolution: {integrity: sha512-jcJ4cxwQyqEqgDwkqj7820nKx9cM5WBPCCU4oUXvTeG+DkkJE6/P75od0VPHmItFfEJu+/2vV85ebvFVomZcBg==, registry: https://registry.npmjs.cf/, tarball: https://registry.npmjs.org/@esbuild/linux-arm64/-/linux-arm64-0.17.2.tgz}
    name: '@esbuild/linux-arm64'
    version: 0.17.2
    engines: {node: '>=12'}
    cpu: [arm64]
    os: [linux]
    requiresBuild: true
    dev: true
    optional: true

  registry.npmjs.org/@esbuild/linux-ia32/0.17.2:
    resolution: {integrity: sha512-dXZ3m++zaRVD2fqOUPP8QTh1Lfg6WO6uZDo/QJ3KdfnIR7dDToDtaA12AgKYvCed9Nuzf/gpKs/7/f6I02b/sg==, registry: https://registry.npmjs.cf/, tarball: https://registry.npmjs.org/@esbuild/linux-ia32/-/linux-ia32-0.17.2.tgz}
    name: '@esbuild/linux-ia32'
    version: 0.17.2
    engines: {node: '>=12'}
    cpu: [ia32]
    os: [linux]
    requiresBuild: true
    dev: true
    optional: true

  registry.npmjs.org/@esbuild/linux-loong64/0.17.2:
    resolution: {integrity: sha512-/vntXkzSe9TUp0Rh35Wgye1EOhDtmIMjwC4rtahHcALmDXL+iuQGvwGFvXrP+sBigia/ltLryMAvCiqGV6plqw==, registry: https://registry.npmjs.cf/, tarball: https://registry.npmjs.org/@esbuild/linux-loong64/-/linux-loong64-0.17.2.tgz}
    name: '@esbuild/linux-loong64'
    version: 0.17.2
    engines: {node: '>=12'}
    cpu: [loong64]
    os: [linux]
    requiresBuild: true
    dev: true
    optional: true

  registry.npmjs.org/@esbuild/linux-mips64el/0.17.2:
    resolution: {integrity: sha512-guYcNHjMRO1BMxWAeb8LDfgQaU8oeUO65xtlclwBD+hX3163KBifEHyao1hK96J10BP9n0UmZug6GhtGZaNm2Q==, registry: https://registry.npmjs.cf/, tarball: https://registry.npmjs.org/@esbuild/linux-mips64el/-/linux-mips64el-0.17.2.tgz}
    name: '@esbuild/linux-mips64el'
    version: 0.17.2
    engines: {node: '>=12'}
    cpu: [mips64el]
    os: [linux]
    requiresBuild: true
    dev: true
    optional: true

  registry.npmjs.org/@esbuild/linux-ppc64/0.17.2:
    resolution: {integrity: sha512-fzHTnIGIVqgUGZcFnnisguKD4UneF4uwWwkG+i8kBspMDdU1wJ0jha1VdtxWP7Ob1KGxuXcoUlrQkCVO+Z5iOw==, registry: https://registry.npmjs.cf/, tarball: https://registry.npmjs.org/@esbuild/linux-ppc64/-/linux-ppc64-0.17.2.tgz}
    name: '@esbuild/linux-ppc64'
    version: 0.17.2
    engines: {node: '>=12'}
    cpu: [ppc64]
    os: [linux]
    requiresBuild: true
    dev: true
    optional: true

  registry.npmjs.org/@esbuild/linux-riscv64/0.17.2:
    resolution: {integrity: sha512-Sa+z7csvNVeAsTD83tVSggOb8CAU7EdDuihC8WhtoJfuDVkF5+Vi0imaiCjXQ7Ci5rz/a8IJ1H1MWX3eI9AmuQ==, registry: https://registry.npmjs.cf/, tarball: https://registry.npmjs.org/@esbuild/linux-riscv64/-/linux-riscv64-0.17.2.tgz}
    name: '@esbuild/linux-riscv64'
    version: 0.17.2
    engines: {node: '>=12'}
    cpu: [riscv64]
    os: [linux]
    requiresBuild: true
    dev: true
    optional: true

  registry.npmjs.org/@esbuild/linux-s390x/0.17.2:
    resolution: {integrity: sha512-jUFCO+/VA1Y/oeauSNBubp2UtGu4xjBUEFVgMPm0qLuw6xw18yOagKwBOPVmyE3ZSFqGd9BAPZM/JrtadgBryA==, registry: https://registry.npmjs.cf/, tarball: https://registry.npmjs.org/@esbuild/linux-s390x/-/linux-s390x-0.17.2.tgz}
    name: '@esbuild/linux-s390x'
    version: 0.17.2
    engines: {node: '>=12'}
    cpu: [s390x]
    os: [linux]
    requiresBuild: true
    dev: true
    optional: true

  registry.npmjs.org/@esbuild/linux-x64/0.17.2:
    resolution: {integrity: sha512-naygxkSmr6x9tuvpa8iGefnXo3Rc3Noz7c4+Dn0MSfSWJwLaN2YR686e7HkI09irfjDdU5UAq9wcxUwjkYQNUA==, registry: https://registry.npmjs.cf/, tarball: https://registry.npmjs.org/@esbuild/linux-x64/-/linux-x64-0.17.2.tgz}
    name: '@esbuild/linux-x64'
    version: 0.17.2
    engines: {node: '>=12'}
    cpu: [x64]
    os: [linux]
    requiresBuild: true
    dev: true
    optional: true

  registry.npmjs.org/@esbuild/netbsd-x64/0.17.2:
    resolution: {integrity: sha512-Hagbdq4EpiG9XXJY6Ozfrl2RN5jkXZXd6BD39f43tWz0d8yyOrRZlofM1eA6JYQbdv6c8BUsUOcgopavIqwx4Q==, registry: https://registry.npmjs.cf/, tarball: https://registry.npmjs.org/@esbuild/netbsd-x64/-/netbsd-x64-0.17.2.tgz}
    name: '@esbuild/netbsd-x64'
    version: 0.17.2
    engines: {node: '>=12'}
    cpu: [x64]
    os: [netbsd]
    requiresBuild: true
    dev: true
    optional: true

  registry.npmjs.org/@esbuild/openbsd-x64/0.17.2:
    resolution: {integrity: sha512-Pkby+VEXY7+aWP8J2RUCfqWbbZz2M1GavRGGnE2kEPzwarba/BOk3B45PSaKwc3iKdK2rgCPCTjC/p9JoKNejA==, registry: https://registry.npmjs.cf/, tarball: https://registry.npmjs.org/@esbuild/openbsd-x64/-/openbsd-x64-0.17.2.tgz}
    name: '@esbuild/openbsd-x64'
    version: 0.17.2
    engines: {node: '>=12'}
    cpu: [x64]
    os: [openbsd]
    requiresBuild: true
    dev: true
    optional: true

  registry.npmjs.org/@esbuild/sunos-x64/0.17.2:
    resolution: {integrity: sha512-WAyg4dBTUsAPJ9cRnuQ23cwJWYRhP4e4y0M/l2+EpRjWW+g1MNAXKQQNNhRQ71zc8UixRVrqj+43ReHeZC8mJQ==, registry: https://registry.npmjs.cf/, tarball: https://registry.npmjs.org/@esbuild/sunos-x64/-/sunos-x64-0.17.2.tgz}
    name: '@esbuild/sunos-x64'
    version: 0.17.2
    engines: {node: '>=12'}
    cpu: [x64]
    os: [sunos]
    requiresBuild: true
    dev: true
    optional: true

  registry.npmjs.org/@esbuild/win32-arm64/0.17.2:
    resolution: {integrity: sha512-rMbO3gPpxuENd+AnZLgo4J/g+BkwxT3NK7nYpSZ0KlYtSdlxYMIMG5pznX7a1ISZKo67aGStne+K41jdkBywpA==, registry: https://registry.npmjs.cf/, tarball: https://registry.npmjs.org/@esbuild/win32-arm64/-/win32-arm64-0.17.2.tgz}
    name: '@esbuild/win32-arm64'
    version: 0.17.2
    engines: {node: '>=12'}
    cpu: [arm64]
    os: [win32]
    requiresBuild: true
    dev: true
    optional: true

  registry.npmjs.org/@esbuild/win32-ia32/0.17.2:
    resolution: {integrity: sha512-73dWKDMhFk+4owS19OjEVbEDGFPRS1fyga3qOu5HPd5eTxJTjtlVTT/fG/S7AchA0vXS7hOqY70AAir1CkmICg==, registry: https://registry.npmjs.cf/, tarball: https://registry.npmjs.org/@esbuild/win32-ia32/-/win32-ia32-0.17.2.tgz}
    name: '@esbuild/win32-ia32'
    version: 0.17.2
    engines: {node: '>=12'}
    cpu: [ia32]
    os: [win32]
    requiresBuild: true
    dev: true
    optional: true

  registry.npmjs.org/@esbuild/win32-x64/0.17.2:
    resolution: {integrity: sha512-QFJlhf73HCBjTqAWWSIlD8JQBtmue0Dd6UV+KGccycJ3HKj1dCkXdRKJGwc5bZWiI9hrxcWsVEa1kVFaltC4vQ==, registry: https://registry.npmjs.cf/, tarball: https://registry.npmjs.org/@esbuild/win32-x64/-/win32-x64-0.17.2.tgz}
    name: '@esbuild/win32-x64'
    version: 0.17.2
    engines: {node: '>=12'}
    cpu: [x64]
    os: [win32]
    requiresBuild: true
    dev: true
    optional: true

  registry.npmjs.org/@types/node/18.11.18:
    resolution: {integrity: sha512-DHQpWGjyQKSHj3ebjFI/wRKcqQcdR+MoFBygntYOZytCqNfkd2ZC4ARDJ2DQqhjH5p85Nnd3jhUJIXrszFX/JA==, registry: https://registry.npmjs.cf/, tarball: https://registry.npmjs.org/@types/node/-/node-18.11.18.tgz}
    name: '@types/node'
    version: 18.11.18
    dev: true

  registry.npmjs.org/esbuild/0.17.2:
    resolution: {integrity: sha512-odaHSgtYafOXt2nSISwdWlfRkb4ceMX3akY1mWspQpT08jsqVYEK1XtVusr250Rmbx8AVNWjMPI/yyvKqxOKMw==, registry: https://registry.npmjs.cf/, tarball: https://registry.npmjs.org/esbuild/-/esbuild-0.17.2.tgz}
    name: esbuild
    version: 0.17.2
    engines: {node: '>=12'}
    hasBin: true
    requiresBuild: true
    optionalDependencies:
      '@esbuild/android-arm': registry.npmjs.org/@esbuild/android-arm/0.17.2
      '@esbuild/android-arm64': registry.npmjs.org/@esbuild/android-arm64/0.17.2
      '@esbuild/android-x64': registry.npmjs.org/@esbuild/android-x64/0.17.2
      '@esbuild/darwin-arm64': registry.npmjs.org/@esbuild/darwin-arm64/0.17.2
      '@esbuild/darwin-x64': registry.npmjs.org/@esbuild/darwin-x64/0.17.2
      '@esbuild/freebsd-arm64': registry.npmjs.org/@esbuild/freebsd-arm64/0.17.2
      '@esbuild/freebsd-x64': registry.npmjs.org/@esbuild/freebsd-x64/0.17.2
      '@esbuild/linux-arm': registry.npmjs.org/@esbuild/linux-arm/0.17.2
      '@esbuild/linux-arm64': registry.npmjs.org/@esbuild/linux-arm64/0.17.2
      '@esbuild/linux-ia32': registry.npmjs.org/@esbuild/linux-ia32/0.17.2
      '@esbuild/linux-loong64': registry.npmjs.org/@esbuild/linux-loong64/0.17.2
      '@esbuild/linux-mips64el': registry.npmjs.org/@esbuild/linux-mips64el/0.17.2
      '@esbuild/linux-ppc64': registry.npmjs.org/@esbuild/linux-ppc64/0.17.2
      '@esbuild/linux-riscv64': registry.npmjs.org/@esbuild/linux-riscv64/0.17.2
      '@esbuild/linux-s390x': registry.npmjs.org/@esbuild/linux-s390x/0.17.2
      '@esbuild/linux-x64': registry.npmjs.org/@esbuild/linux-x64/0.17.2
      '@esbuild/netbsd-x64': registry.npmjs.org/@esbuild/netbsd-x64/0.17.2
      '@esbuild/openbsd-x64': registry.npmjs.org/@esbuild/openbsd-x64/0.17.2
      '@esbuild/sunos-x64': registry.npmjs.org/@esbuild/sunos-x64/0.17.2
      '@esbuild/win32-arm64': registry.npmjs.org/@esbuild/win32-arm64/0.17.2
      '@esbuild/win32-ia32': registry.npmjs.org/@esbuild/win32-ia32/0.17.2
      '@esbuild/win32-x64': registry.npmjs.org/@esbuild/win32-x64/0.17.2
    dev: true

  registry.npmjs.org/typescript/4.9.4:
    resolution: {integrity: sha512-Uz+dTXYzxXXbsFpM86Wh3dKCxrQqUcVMxwU54orwlJjOpO3ao8L7j5lH+dWfTwgCwIuM9GQ2kvVotzYJMXTBZg==, registry: https://registry.npmjs.cf/, tarball: https://registry.npmjs.org/typescript/-/typescript-4.9.4.tgz}
    name: typescript
    version: 4.9.4
    engines: {node: '>=4.2.0'}
    hasBin: true
    dev: true
